<?xml version="1.0" encoding="utf-8"?>
<Project ToolsVersion="4.0" xmlns="http://schemas.microsoft.com/developer/msbuild/2003">
  <ItemGroup>
    <Filter Include="Header">
      <UniqueIdentifier>{6892ee28-ce6f-4f9d-8672-80e20f893944}</UniqueIdentifier>
    </Filter>
    <Filter Include="Source">
      <UniqueIdentifier>{c81b9eb9-c52b-41a3-adb3-5e8e8d1bfb25}</UniqueIdentifier>
    </Filter>
  </ItemGroup>
  <ItemGroup>
    <ClCompile Include="NiiceDevelopment.cpp">
      <Filter>Source</Filter>
    </ClCompile>
    <ClCompile Include="sMenu.cpp">
      <Filter>Source</Filter>
    </ClCompile>
  </ItemGroup>
  <ItemGroup>
    <ClInclude Include="sMenu.h">
      <Filter>Header</Filter>
    </ClInclude>
  </ItemGroup>
</Project>