
Microsoft Visual Studio Solution File, Format Version 12.00
# Visual Studio 15
VisualStudioVersion = 15.0.26206.0
MinimumVisualStudioVersion = 10.0.40219.1
Project("{8BC9CEB8-8B4A-11D0-8D11-00A0C91BC942}") = "SoJiinx", "SoJiinx\SoJiinx.vcxproj", "{88BFABF6-83FD-4125-A6C2-69ABDADC06A8}"
EndProject
Project("{8BC9CEB8-8B4A-11D0-8D11-00A0C91BC942}") = "SoKaliista", "SoKaliista\SoKaliista.vcxproj", "{D2CE8930-CA0E-44B7-8BDC-C17FF94430F6}"
EndProject
Project("{8BC9CEB8-8B4A-11D0-8D11-00A0C91BC942}") = "L++ SDK", "L++ SDK\L++ SDK.vcxproj", "{6D7CABC4-7D3A-4203-87D3-2A76C2C50DC6}"
EndProject
Project("{8BC9CEB8-8B4A-11D0-8D11-00A0C91BC942}") = "sExtensions", "sExtensions\sExtensions.vcxproj", "{06BB8408-75BF-4BE0-AC1A-07CE2DEDCB67}"
EndProject
Project("{8BC9CEB8-8B4A-11D0-8D11-00A0C91BC942}") = "NiiceDevelopment", "NiiceDevelopment\NiiceDevelopment.vcxproj", "{69AD7A55-1667-46F3-8915-E2B3346565A1}"
EndProject
Project("{FAE04EC0-301F-11D3-BF4B-00C04F79EFBC}") = "L++ Plugin-Manager", "L++ Plugin-Manager\L++ Plugin-Manager.csproj", "{F0F0E32F-7C7B-488B-8105-FF84CE4EE9DC}"
EndProject
Project("{8BC9CEB8-8B4A-11D0-8D11-00A0C91BC942}") = "SoTwiistedFate", "SoTwiistedFate\SoTwiistedFate.vcxproj", "{C76BE6B1-C337-4E89-9D31-5B643EF41217}"
EndProject
Global
	GlobalSection(SolutionConfigurationPlatforms) = preSolution
		Debug|Any CPU = Debug|Any CPU
		Debug|x64 = Debug|x64
		Debug|x86 = Debug|x86
		Release|Any CPU = Release|Any CPU
		Release|x64 = Release|x64
		Release|x86 = Release|x86
	EndGlobalSection
	GlobalSection(ProjectConfigurationPlatforms) = postSolution
		{88BFABF6-83FD-4125-A6C2-69ABDADC06A8}.Debug|Any CPU.ActiveCfg = Debug|Win32
		{88BFABF6-83FD-4125-A6C2-69ABDADC06A8}.Debug|x64.ActiveCfg = Debug|x64
		{88BFABF6-83FD-4125-A6C2-69ABDADC06A8}.Debug|x64.Build.0 = Debug|x64
		{88BFABF6-83FD-4125-A6C2-69ABDADC06A8}.Debug|x86.ActiveCfg = Debug|Win32
		{88BFABF6-83FD-4125-A6C2-69ABDADC06A8}.Debug|x86.Build.0 = Debug|Win32
		{88BFABF6-83FD-4125-A6C2-69ABDADC06A8}.Release|Any CPU.ActiveCfg = Release|Win32
		{88BFABF6-83FD-4125-A6C2-69ABDADC06A8}.Release|x64.ActiveCfg = Release|x64
		{88BFABF6-83FD-4125-A6C2-69ABDADC06A8}.Release|x64.Build.0 = Release|x64
		{88BFABF6-83FD-4125-A6C2-69ABDADC06A8}.Release|x86.ActiveCfg = Release|Win32
		{88BFABF6-83FD-4125-A6C2-69ABDADC06A8}.Release|x86.Build.0 = Release|Win32
		{D2CE8930-CA0E-44B7-8BDC-C17FF94430F6}.Debug|Any CPU.ActiveCfg = Debug|Win32
		{D2CE8930-CA0E-44B7-8BDC-C17FF94430F6}.Debug|x64.ActiveCfg = Debug|x64
		{D2CE8930-CA0E-44B7-8BDC-C17FF94430F6}.Debug|x64.Build.0 = Debug|x64
		{D2CE8930-CA0E-44B7-8BDC-C17FF94430F6}.Debug|x86.ActiveCfg = Debug|Win32
		{D2CE8930-CA0E-44B7-8BDC-C17FF94430F6}.Debug|x86.Build.0 = Debug|Win32
		{D2CE8930-CA0E-44B7-8BDC-C17FF94430F6}.Release|Any CPU.ActiveCfg = Release|Win32
		{D2CE8930-CA0E-44B7-8BDC-C17FF94430F6}.Release|x64.ActiveCfg = Release|x64
		{D2CE8930-CA0E-44B7-8BDC-C17FF94430F6}.Release|x64.Build.0 = Release|x64
		{D2CE8930-CA0E-44B7-8BDC-C17FF94430F6}.Release|x86.ActiveCfg = Release|Win32
		{D2CE8930-CA0E-44B7-8BDC-C17FF94430F6}.Release|x86.Build.0 = Release|Win32
		{6D7CABC4-7D3A-4203-87D3-2A76C2C50DC6}.Debug|Any CPU.ActiveCfg = Debug|Win32
		{6D7CABC4-7D3A-4203-87D3-2A76C2C50DC6}.Debug|x64.ActiveCfg = Debug|x64
		{6D7CABC4-7D3A-4203-87D3-2A76C2C50DC6}.Debug|x64.Build.0 = Debug|x64
		{6D7CABC4-7D3A-4203-87D3-2A76C2C50DC6}.Debug|x86.ActiveCfg = Debug|Win32
		{6D7CABC4-7D3A-4203-87D3-2A76C2C50DC6}.Debug|x86.Build.0 = Debug|Win32
		{6D7CABC4-7D3A-4203-87D3-2A76C2C50DC6}.Release|Any CPU.ActiveCfg = Release|Win32
		{6D7CABC4-7D3A-4203-87D3-2A76C2C50DC6}.Release|x64.ActiveCfg = Release|x64
		{6D7CABC4-7D3A-4203-87D3-2A76C2C50DC6}.Release|x64.Build.0 = Release|x64
		{6D7CABC4-7D3A-4203-87D3-2A76C2C50DC6}.Release|x86.ActiveCfg = Release|Win32
		{6D7CABC4-7D3A-4203-87D3-2A76C2C50DC6}.Release|x86.Build.0 = Release|Win32
		{06BB8408-75BF-4BE0-AC1A-07CE2DEDCB67}.Debug|Any CPU.ActiveCfg = Debug|Win32
		{06BB8408-75BF-4BE0-AC1A-07CE2DEDCB67}.Debug|x64.ActiveCfg = Debug|x64
		{06BB8408-75BF-4BE0-AC1A-07CE2DEDCB67}.Debug|x64.Build.0 = Debug|x64
		{06BB8408-75BF-4BE0-AC1A-07CE2DEDCB67}.Debug|x86.ActiveCfg = Debug|Win32
		{06BB8408-75BF-4BE0-AC1A-07CE2DEDCB67}.Debug|x86.Build.0 = Debug|Win32
		{06BB8408-75BF-4BE0-AC1A-07CE2DEDCB67}.Release|Any CPU.ActiveCfg = Release|Win32
		{06BB8408-75BF-4BE0-AC1A-07CE2DEDCB67}.Release|x64.ActiveCfg = Release|x64
		{06BB8408-75BF-4BE0-AC1A-07CE2DEDCB67}.Release|x64.Build.0 = Release|x64
		{06BB8408-75BF-4BE0-AC1A-07CE2DEDCB67}.Release|x86.ActiveCfg = Release|Win32
		{06BB8408-75BF-4BE0-AC1A-07CE2DEDCB67}.Release|x86.Build.0 = Release|Win32
		{69AD7A55-1667-46F3-8915-E2B3346565A1}.Debug|Any CPU.ActiveCfg = Debug|Win32
		{69AD7A55-1667-46F3-8915-E2B3346565A1}.Debug|x64.ActiveCfg = Debug|x64
		{69AD7A55-1667-46F3-8915-E2B3346565A1}.Debug|x64.Build.0 = Debug|x64
		{69AD7A55-1667-46F3-8915-E2B3346565A1}.Debug|x86.ActiveCfg = Debug|Win32
		{69AD7A55-1667-46F3-8915-E2B3346565A1}.Debug|x86.Build.0 = Debug|Win32
		{69AD7A55-1667-46F3-8915-E2B3346565A1}.Release|Any CPU.ActiveCfg = Release|Win32
		{69AD7A55-1667-46F3-8915-E2B3346565A1}.Release|x64.ActiveCfg = Release|x64
		{69AD7A55-1667-46F3-8915-E2B3346565A1}.Release|x64.Build.0 = Release|x64
		{69AD7A55-1667-46F3-8915-E2B3346565A1}.Release|x86.ActiveCfg = Release|Win32
		{69AD7A55-1667-46F3-8915-E2B3346565A1}.Release|x86.Build.0 = Release|Win32
		{F0F0E32F-7C7B-488B-8105-FF84CE4EE9DC}.Debug|Any CPU.ActiveCfg = Debug|Any CPU
		{F0F0E32F-7C7B-488B-8105-FF84CE4EE9DC}.Debug|Any CPU.Build.0 = Debug|Any CPU
		{F0F0E32F-7C7B-488B-8105-FF84CE4EE9DC}.Debug|x64.ActiveCfg = Debug|Any CPU
		{F0F0E32F-7C7B-488B-8105-FF84CE4EE9DC}.Debug|x64.Build.0 = Debug|Any CPU
		{F0F0E32F-7C7B-488B-8105-FF84CE4EE9DC}.Debug|x86.ActiveCfg = Debug|Any CPU
		{F0F0E32F-7C7B-488B-8105-FF84CE4EE9DC}.Debug|x86.Build.0 = Debug|Any CPU
		{F0F0E32F-7C7B-488B-8105-FF84CE4EE9DC}.Release|Any CPU.ActiveCfg = Release|Any CPU
		{F0F0E32F-7C7B-488B-8105-FF84CE4EE9DC}.Release|Any CPU.Build.0 = Release|Any CPU
		{F0F0E32F-7C7B-488B-8105-FF84CE4EE9DC}.Release|x64.ActiveCfg = Release|Any CPU
		{F0F0E32F-7C7B-488B-8105-FF84CE4EE9DC}.Release|x64.Build.0 = Release|Any CPU
		{F0F0E32F-7C7B-488B-8105-FF84CE4EE9DC}.Release|x86.ActiveCfg = Release|Any CPU
		{F0F0E32F-7C7B-488B-8105-FF84CE4EE9DC}.Release|x86.Build.0 = Release|Any CPU
		{C76BE6B1-C337-4E89-9D31-5B643EF41217}.Debug|Any CPU.ActiveCfg = Debug|Win32
		{C76BE6B1-C337-4E89-9D31-5B643EF41217}.Debug|x64.ActiveCfg = Debug|x64
		{C76BE6B1-C337-4E89-9D31-5B643EF41217}.Debug|x64.Build.0 = Debug|x64
		{C76BE6B1-C337-4E89-9D31-5B643EF41217}.Debug|x86.ActiveCfg = Debug|Win32
		{C76BE6B1-C337-4E89-9D31-5B643EF41217}.Debug|x86.Build.0 = Debug|Win32
		{C76BE6B1-C337-4E89-9D31-5B643EF41217}.Release|Any CPU.ActiveCfg = Release|Win32
		{C76BE6B1-C337-4E89-9D31-5B643EF41217}.Release|x64.ActiveCfg = Release|x64
		{C76BE6B1-C337-4E89-9D31-5B643EF41217}.Release|x64.Build.0 = Release|x64
		{C76BE6B1-C337-4E89-9D31-5B643EF41217}.Release|x86.ActiveCfg = Release|Win32
		{C76BE6B1-C337-4E89-9D31-5B643EF41217}.Release|x86.Build.0 = Release|Win32
	EndGlobalSection
	GlobalSection(SolutionProperties) = preSolution
		HideSolutionNode = FALSE
	EndGlobalSection
EndGlobal
