
Microsoft Visual Studio Solution File, Format Version 12.00
# Visual Studio 15
VisualStudioVersion = 15.0.26228.9
MinimumVisualStudioVersion = 10.0.40219.1
Project("{8BC9CEB8-8B4A-11D0-8D11-00A0C91BC942}") = "L++ SDK", "L++ SDK\L++ SDK.vcxproj", "{6D7CABC4-7D3A-4203-87D3-2A76C2C50DC6}"
EndProject
Project("{8BC9CEB8-8B4A-11D0-8D11-00A0C91BC942}") = "IExtension", "IExtension\IExtension.vcxproj", "{06BB8408-75BF-4BE0-AC1A-07CE2DEDCB67}"
EndProject
Project("{FAE04EC0-301F-11D3-BF4B-00C04F79EFBC}") = "L++ Plugin-Manager", "L++ Plugin-Manager\L++ Plugin-Manager.csproj", "{F0F0E32F-7C7B-488B-8105-FF84CE4EE9DC}"
EndProject
Project("{8BC9CEB8-8B4A-11D0-8D11-00A0C91BC942}") = "NiiceAatrox", "NiiceAatrox\NiiceAatrox.vcxproj", "{491C9490-6DB4-4FDD-A351-89D34C2DA935}"
EndProject
Project("{2150E333-8FDC-42A3-9474-1A3956D46DE8}") = "Champions", "Champions", "{5879F560-DE52-4976-8DFC-FE43502867F9}"
EndProject
Project("{2150E333-8FDC-42A3-9474-1A3956D46DE8}") = "Utilities", "Utilities", "{E52FD284-BEFC-41F5-AA7C-F8E00D059F58}"
EndProject
Project("{2150E333-8FDC-42A3-9474-1A3956D46DE8}") = "Libraries", "Libraries", "{F6811A93-68BB-4634-8094-0D8812A67287}"
EndProject
Project("{8BC9CEB8-8B4A-11D0-8D11-00A0C91BC942}") = "IPlugin", "IPlugin\IPlugin.vcxproj", "{F914128E-F027-44A8-BF4F-52EC31B69549}"
EndProject
Project("{8BC9CEB8-8B4A-11D0-8D11-00A0C91BC942}") = "IHero", "IHero\IHero.vcxproj", "{FF146429-A152-49C9-B095-FD931E502775}"
EndProject
Project("{8BC9CEB8-8B4A-11D0-8D11-00A0C91BC942}") = "NiiceDevelopment", "NiiceDevelopment\NiiceDevelopment.vcxproj", "{1E6D8198-05E6-4991-B8C2-664CBFF5893E}"
EndProject
Project("{8BC9CEB8-8B4A-11D0-8D11-00A0C91BC942}") = "SoJiinx", "SoJiinx\SoJiinx.vcxproj", "{B1D050A5-4189-4D07-B67E-FF26D9516A9D}"
EndProject
Project("{8BC9CEB8-8B4A-11D0-8D11-00A0C91BC942}") = "SoKaliista", "SoKaliista\SoKaliista.vcxproj", "{0E0D7711-5602-40F7-ABCD-07DA505E9B52}"
EndProject
Project("{8BC9CEB8-8B4A-11D0-8D11-00A0C91BC942}") = "SoTwiistedFate", "SoTwiistedFate\SoTwiistedFate.vcxproj", "{CD2DB035-F951-4B25-A597-24A8A996D54F}"
EndProject
Project("{8BC9CEB8-8B4A-11D0-8D11-00A0C91BC942}") = "SoUltiimate", "SoUltiimate\SoUltiimate.vcxproj", "{7A7EB78C-D2F9-4380-B303-9536708E6414}"
EndProject
Global
	GlobalSection(SolutionConfigurationPlatforms) = preSolution
		Debug|Any CPU = Debug|Any CPU
		Debug|x64 = Debug|x64
		Debug|x86 = Debug|x86
		Release|Any CPU = Release|Any CPU
		Release|x64 = Release|x64
		Release|x86 = Release|x86
	EndGlobalSection
	GlobalSection(ProjectConfigurationPlatforms) = postSolution
		{6D7CABC4-7D3A-4203-87D3-2A76C2C50DC6}.Debug|Any CPU.ActiveCfg = Debug|Win32
		{6D7CABC4-7D3A-4203-87D3-2A76C2C50DC6}.Debug|x64.ActiveCfg = Debug|x64
		{6D7CABC4-7D3A-4203-87D3-2A76C2C50DC6}.Debug|x64.Build.0 = Debug|x64
		{6D7CABC4-7D3A-4203-87D3-2A76C2C50DC6}.Debug|x86.ActiveCfg = Debug|Win32
		{6D7CABC4-7D3A-4203-87D3-2A76C2C50DC6}.Debug|x86.Build.0 = Debug|Win32
		{6D7CABC4-7D3A-4203-87D3-2A76C2C50DC6}.Release|Any CPU.ActiveCfg = Release|Win32
		{6D7CABC4-7D3A-4203-87D3-2A76C2C50DC6}.Release|x64.ActiveCfg = Release|x64
		{6D7CABC4-7D3A-4203-87D3-2A76C2C50DC6}.Release|x64.Build.0 = Release|x64
		{6D7CABC4-7D3A-4203-87D3-2A76C2C50DC6}.Release|x86.ActiveCfg = Release|Win32
		{6D7CABC4-7D3A-4203-87D3-2A76C2C50DC6}.Release|x86.Build.0 = Release|Win32
		{06BB8408-75BF-4BE0-AC1A-07CE2DEDCB67}.Debug|Any CPU.ActiveCfg = Debug|Win32
		{06BB8408-75BF-4BE0-AC1A-07CE2DEDCB67}.Debug|x64.ActiveCfg = Debug|x64
		{06BB8408-75BF-4BE0-AC1A-07CE2DEDCB67}.Debug|x64.Build.0 = Debug|x64
		{06BB8408-75BF-4BE0-AC1A-07CE2DEDCB67}.Debug|x86.ActiveCfg = Debug|Win32
		{06BB8408-75BF-4BE0-AC1A-07CE2DEDCB67}.Debug|x86.Build.0 = Debug|Win32
		{06BB8408-75BF-4BE0-AC1A-07CE2DEDCB67}.Release|Any CPU.ActiveCfg = Release|Win32
		{06BB8408-75BF-4BE0-AC1A-07CE2DEDCB67}.Release|x64.ActiveCfg = Release|x64
		{06BB8408-75BF-4BE0-AC1A-07CE2DEDCB67}.Release|x64.Build.0 = Release|x64
		{06BB8408-75BF-4BE0-AC1A-07CE2DEDCB67}.Release|x86.ActiveCfg = Release|Win32
		{06BB8408-75BF-4BE0-AC1A-07CE2DEDCB67}.Release|x86.Build.0 = Release|Win32
		{F0F0E32F-7C7B-488B-8105-FF84CE4EE9DC}.Debug|Any CPU.ActiveCfg = Debug|Any CPU
		{F0F0E32F-7C7B-488B-8105-FF84CE4EE9DC}.Debug|Any CPU.Build.0 = Debug|Any CPU
		{F0F0E32F-7C7B-488B-8105-FF84CE4EE9DC}.Debug|x64.ActiveCfg = Debug|Any CPU
		{F0F0E32F-7C7B-488B-8105-FF84CE4EE9DC}.Debug|x64.Build.0 = Debug|Any CPU
		{F0F0E32F-7C7B-488B-8105-FF84CE4EE9DC}.Debug|x86.ActiveCfg = Debug|Any CPU
		{F0F0E32F-7C7B-488B-8105-FF84CE4EE9DC}.Debug|x86.Build.0 = Debug|Any CPU
		{F0F0E32F-7C7B-488B-8105-FF84CE4EE9DC}.Release|Any CPU.ActiveCfg = Release|Any CPU
		{F0F0E32F-7C7B-488B-8105-FF84CE4EE9DC}.Release|Any CPU.Build.0 = Release|Any CPU
		{F0F0E32F-7C7B-488B-8105-FF84CE4EE9DC}.Release|x64.ActiveCfg = Release|Any CPU
		{F0F0E32F-7C7B-488B-8105-FF84CE4EE9DC}.Release|x64.Build.0 = Release|Any CPU
		{F0F0E32F-7C7B-488B-8105-FF84CE4EE9DC}.Release|x86.ActiveCfg = Release|Any CPU
		{F0F0E32F-7C7B-488B-8105-FF84CE4EE9DC}.Release|x86.Build.0 = Release|Any CPU
		{491C9490-6DB4-4FDD-A351-89D34C2DA935}.Debug|Any CPU.ActiveCfg = Debug|Win32
		{491C9490-6DB4-4FDD-A351-89D34C2DA935}.Debug|x64.ActiveCfg = Debug|x64
		{491C9490-6DB4-4FDD-A351-89D34C2DA935}.Debug|x64.Build.0 = Debug|x64
		{491C9490-6DB4-4FDD-A351-89D34C2DA935}.Debug|x86.ActiveCfg = Debug|Win32
		{491C9490-6DB4-4FDD-A351-89D34C2DA935}.Debug|x86.Build.0 = Debug|Win32
		{491C9490-6DB4-4FDD-A351-89D34C2DA935}.Release|Any CPU.ActiveCfg = Release|Win32
		{491C9490-6DB4-4FDD-A351-89D34C2DA935}.Release|x64.ActiveCfg = Release|x64
		{491C9490-6DB4-4FDD-A351-89D34C2DA935}.Release|x64.Build.0 = Release|x64
		{491C9490-6DB4-4FDD-A351-89D34C2DA935}.Release|x86.ActiveCfg = Release|Win32
		{491C9490-6DB4-4FDD-A351-89D34C2DA935}.Release|x86.Build.0 = Release|Win32
		{F914128E-F027-44A8-BF4F-52EC31B69549}.Debug|Any CPU.ActiveCfg = Debug|Win32
		{F914128E-F027-44A8-BF4F-52EC31B69549}.Debug|x64.ActiveCfg = Debug|x64
		{F914128E-F027-44A8-BF4F-52EC31B69549}.Debug|x64.Build.0 = Debug|x64
		{F914128E-F027-44A8-BF4F-52EC31B69549}.Debug|x86.ActiveCfg = Debug|Win32
		{F914128E-F027-44A8-BF4F-52EC31B69549}.Debug|x86.Build.0 = Debug|Win32
		{F914128E-F027-44A8-BF4F-52EC31B69549}.Release|Any CPU.ActiveCfg = Release|Win32
		{F914128E-F027-44A8-BF4F-52EC31B69549}.Release|x64.ActiveCfg = Release|x64
		{F914128E-F027-44A8-BF4F-52EC31B69549}.Release|x64.Build.0 = Release|x64
		{F914128E-F027-44A8-BF4F-52EC31B69549}.Release|x86.ActiveCfg = Release|Win32
		{F914128E-F027-44A8-BF4F-52EC31B69549}.Release|x86.Build.0 = Release|Win32
		{FF146429-A152-49C9-B095-FD931E502775}.Debug|Any CPU.ActiveCfg = Debug|Win32
		{FF146429-A152-49C9-B095-FD931E502775}.Debug|x64.ActiveCfg = Debug|x64
		{FF146429-A152-49C9-B095-FD931E502775}.Debug|x64.Build.0 = Debug|x64
		{FF146429-A152-49C9-B095-FD931E502775}.Debug|x86.ActiveCfg = Debug|Win32
		{FF146429-A152-49C9-B095-FD931E502775}.Debug|x86.Build.0 = Debug|Win32
		{FF146429-A152-49C9-B095-FD931E502775}.Release|Any CPU.ActiveCfg = Release|Win32
		{FF146429-A152-49C9-B095-FD931E502775}.Release|x64.ActiveCfg = Release|x64
		{FF146429-A152-49C9-B095-FD931E502775}.Release|x64.Build.0 = Release|x64
		{FF146429-A152-49C9-B095-FD931E502775}.Release|x86.ActiveCfg = Release|Win32
		{FF146429-A152-49C9-B095-FD931E502775}.Release|x86.Build.0 = Release|Win32
		{1E6D8198-05E6-4991-B8C2-664CBFF5893E}.Debug|Any CPU.ActiveCfg = Debug|Win32
		{1E6D8198-05E6-4991-B8C2-664CBFF5893E}.Debug|x64.ActiveCfg = Debug|x64
		{1E6D8198-05E6-4991-B8C2-664CBFF5893E}.Debug|x64.Build.0 = Debug|x64
		{1E6D8198-05E6-4991-B8C2-664CBFF5893E}.Debug|x86.ActiveCfg = Debug|Win32
		{1E6D8198-05E6-4991-B8C2-664CBFF5893E}.Debug|x86.Build.0 = Debug|Win32
		{1E6D8198-05E6-4991-B8C2-664CBFF5893E}.Release|Any CPU.ActiveCfg = Release|Win32
		{1E6D8198-05E6-4991-B8C2-664CBFF5893E}.Release|x64.ActiveCfg = Release|x64
		{1E6D8198-05E6-4991-B8C2-664CBFF5893E}.Release|x64.Build.0 = Release|x64
		{1E6D8198-05E6-4991-B8C2-664CBFF5893E}.Release|x86.ActiveCfg = Release|Win32
		{1E6D8198-05E6-4991-B8C2-664CBFF5893E}.Release|x86.Build.0 = Release|Win32
		{B1D050A5-4189-4D07-B67E-FF26D9516A9D}.Debug|Any CPU.ActiveCfg = Debug|Win32
		{B1D050A5-4189-4D07-B67E-FF26D9516A9D}.Debug|x64.ActiveCfg = Debug|x64
		{B1D050A5-4189-4D07-B67E-FF26D9516A9D}.Debug|x64.Build.0 = Debug|x64
		{B1D050A5-4189-4D07-B67E-FF26D9516A9D}.Debug|x86.ActiveCfg = Debug|Win32
		{B1D050A5-4189-4D07-B67E-FF26D9516A9D}.Debug|x86.Build.0 = Debug|Win32
		{B1D050A5-4189-4D07-B67E-FF26D9516A9D}.Release|Any CPU.ActiveCfg = Release|Win32
		{B1D050A5-4189-4D07-B67E-FF26D9516A9D}.Release|x64.ActiveCfg = Release|x64
		{B1D050A5-4189-4D07-B67E-FF26D9516A9D}.Release|x64.Build.0 = Release|x64
		{B1D050A5-4189-4D07-B67E-FF26D9516A9D}.Release|x86.ActiveCfg = Release|Win32
		{B1D050A5-4189-4D07-B67E-FF26D9516A9D}.Release|x86.Build.0 = Release|Win32
		{0E0D7711-5602-40F7-ABCD-07DA505E9B52}.Debug|Any CPU.ActiveCfg = Debug|Win32
		{0E0D7711-5602-40F7-ABCD-07DA505E9B52}.Debug|x64.ActiveCfg = Debug|x64
		{0E0D7711-5602-40F7-ABCD-07DA505E9B52}.Debug|x64.Build.0 = Debug|x64
		{0E0D7711-5602-40F7-ABCD-07DA505E9B52}.Debug|x86.ActiveCfg = Debug|Win32
		{0E0D7711-5602-40F7-ABCD-07DA505E9B52}.Debug|x86.Build.0 = Debug|Win32
		{0E0D7711-5602-40F7-ABCD-07DA505E9B52}.Release|Any CPU.ActiveCfg = Release|Win32
		{0E0D7711-5602-40F7-ABCD-07DA505E9B52}.Release|x64.ActiveCfg = Release|x64
		{0E0D7711-5602-40F7-ABCD-07DA505E9B52}.Release|x64.Build.0 = Release|x64
		{0E0D7711-5602-40F7-ABCD-07DA505E9B52}.Release|x86.ActiveCfg = Release|Win32
		{0E0D7711-5602-40F7-ABCD-07DA505E9B52}.Release|x86.Build.0 = Release|Win32
		{CD2DB035-F951-4B25-A597-24A8A996D54F}.Debug|Any CPU.ActiveCfg = Debug|Win32
		{CD2DB035-F951-4B25-A597-24A8A996D54F}.Debug|x64.ActiveCfg = Debug|x64
		{CD2DB035-F951-4B25-A597-24A8A996D54F}.Debug|x64.Build.0 = Debug|x64
		{CD2DB035-F951-4B25-A597-24A8A996D54F}.Debug|x86.ActiveCfg = Debug|Win32
		{CD2DB035-F951-4B25-A597-24A8A996D54F}.Debug|x86.Build.0 = Debug|Win32
		{CD2DB035-F951-4B25-A597-24A8A996D54F}.Release|Any CPU.ActiveCfg = Release|Win32
		{CD2DB035-F951-4B25-A597-24A8A996D54F}.Release|x64.ActiveCfg = Release|x64
		{CD2DB035-F951-4B25-A597-24A8A996D54F}.Release|x64.Build.0 = Release|x64
		{CD2DB035-F951-4B25-A597-24A8A996D54F}.Release|x86.ActiveCfg = Release|Win32
		{CD2DB035-F951-4B25-A597-24A8A996D54F}.Release|x86.Build.0 = Release|Win32
		{7A7EB78C-D2F9-4380-B303-9536708E6414}.Debug|Any CPU.ActiveCfg = Debug|Win32
		{7A7EB78C-D2F9-4380-B303-9536708E6414}.Debug|x64.ActiveCfg = Debug|x64
		{7A7EB78C-D2F9-4380-B303-9536708E6414}.Debug|x64.Build.0 = Debug|x64
		{7A7EB78C-D2F9-4380-B303-9536708E6414}.Debug|x86.ActiveCfg = Debug|Win32
		{7A7EB78C-D2F9-4380-B303-9536708E6414}.Debug|x86.Build.0 = Debug|Win32
		{7A7EB78C-D2F9-4380-B303-9536708E6414}.Release|Any CPU.ActiveCfg = Release|Win32
		{7A7EB78C-D2F9-4380-B303-9536708E6414}.Release|x64.ActiveCfg = Release|x64
		{7A7EB78C-D2F9-4380-B303-9536708E6414}.Release|x64.Build.0 = Release|x64
		{7A7EB78C-D2F9-4380-B303-9536708E6414}.Release|x86.ActiveCfg = Release|Win32
		{7A7EB78C-D2F9-4380-B303-9536708E6414}.Release|x86.Build.0 = Release|Win32
	EndGlobalSection
	GlobalSection(SolutionProperties) = preSolution
		HideSolutionNode = FALSE
	EndGlobalSection
	GlobalSection(NestedProjects) = preSolution
		{6D7CABC4-7D3A-4203-87D3-2A76C2C50DC6} = {F6811A93-68BB-4634-8094-0D8812A67287}
		{06BB8408-75BF-4BE0-AC1A-07CE2DEDCB67} = {F6811A93-68BB-4634-8094-0D8812A67287}
		{491C9490-6DB4-4FDD-A351-89D34C2DA935} = {5879F560-DE52-4976-8DFC-FE43502867F9}
		{F914128E-F027-44A8-BF4F-52EC31B69549} = {F6811A93-68BB-4634-8094-0D8812A67287}
		{FF146429-A152-49C9-B095-FD931E502775} = {F6811A93-68BB-4634-8094-0D8812A67287}
		{1E6D8198-05E6-4991-B8C2-664CBFF5893E} = {E52FD284-BEFC-41F5-AA7C-F8E00D059F58}
		{B1D050A5-4189-4D07-B67E-FF26D9516A9D} = {5879F560-DE52-4976-8DFC-FE43502867F9}
		{0E0D7711-5602-40F7-ABCD-07DA505E9B52} = {5879F560-DE52-4976-8DFC-FE43502867F9}
		{CD2DB035-F951-4B25-A597-24A8A996D54F} = {5879F560-DE52-4976-8DFC-FE43502867F9}
		{7A7EB78C-D2F9-4380-B303-9536708E6414} = {E52FD284-BEFC-41F5-AA7C-F8E00D059F58}
	EndGlobalSection
EndGlobal
